
Microsoft Visual Studio Solution File, Format Version 12.00
# Visual Studio Version 17
VisualStudioVersion = 17.0.32014.148
MinimumVisualStudioVersion = 10.0.40219.1
Project("{9A19103F-16F7-4668-BE54-9A1E7A4F7556}") = "ApiEmpresas.Services", "ApiEmpresas.Services\ApiEmpresas.Services.csproj", "{01327C31-FEF2-4084-807F-8F1DB2272F9A}"
EndProject
Project("{2150E333-8FDC-42A3-9474-1A3956D46DE8}") = "1- Services Layer", "1- Services Layer", "{9B689CBA-C14E-491C-ACEA-5CEB26F11783}"
EndProject
Project("{2150E333-8FDC-42A3-9474-1A3956D46DE8}") = "2- InfraStructure Layer", "2- InfraStructure Layer", "{5D3AF708-944A-4E7A-B4A4-DA498F3D0F27}"
EndProject
Project("{9A19103F-16F7-4668-BE54-9A1E7A4F7556}") = "ApiEmpresas.Infra.Data", "ApiEmpresas.Infra.Data\ApiEmpresas.Infra.Data.csproj", "{CD40DCB3-F8AE-47B8-82FF-A0AD660EB295}"
EndProject
Project("{2150E333-8FDC-42A3-9474-1A3956D46DE8}") = "Solution Items", "Solution Items", "{B78C461E-DC24-4ECC-8C59-70ED25361936}"
	ProjectSection(SolutionItems) = preProject
		.editorconfig = .editorconfig
	EndProjectSection
EndProject
Global
	GlobalSection(SolutionConfigurationPlatforms) = preSolution
		Debug|Any CPU = Debug|Any CPU
		Release|Any CPU = Release|Any CPU
	EndGlobalSection
	GlobalSection(ProjectConfigurationPlatforms) = postSolution
		{01327C31-FEF2-4084-807F-8F1DB2272F9A}.Debug|Any CPU.ActiveCfg = Debug|Any CPU
		{01327C31-FEF2-4084-807F-8F1DB2272F9A}.Debug|Any CPU.Build.0 = Debug|Any CPU
		{01327C31-FEF2-4084-807F-8F1DB2272F9A}.Release|Any CPU.ActiveCfg = Release|Any CPU
		{01327C31-FEF2-4084-807F-8F1DB2272F9A}.Release|Any CPU.Build.0 = Release|Any CPU
		{CD40DCB3-F8AE-47B8-82FF-A0AD660EB295}.Debug|Any CPU.ActiveCfg = Debug|Any CPU
		{CD40DCB3-F8AE-47B8-82FF-A0AD660EB295}.Debug|Any CPU.Build.0 = Debug|Any CPU
		{CD40DCB3-F8AE-47B8-82FF-A0AD660EB295}.Release|Any CPU.ActiveCfg = Release|Any CPU
		{CD40DCB3-F8AE-47B8-82FF-A0AD660EB295}.Release|Any CPU.Build.0 = Release|Any CPU
	EndGlobalSection
	GlobalSection(SolutionProperties) = preSolution
		HideSolutionNode = FALSE
	EndGlobalSection
	GlobalSection(NestedProjects) = preSolution
		{01327C31-FEF2-4084-807F-8F1DB2272F9A} = {9B689CBA-C14E-491C-ACEA-5CEB26F11783}
		{CD40DCB3-F8AE-47B8-82FF-A0AD660EB295} = {5D3AF708-944A-4E7A-B4A4-DA498F3D0F27}
	EndGlobalSection
	GlobalSection(ExtensibilityGlobals) = postSolution
		SolutionGuid = {55D4D937-0FCE-47C8-98AD-06D57990F56A}
	EndGlobalSection
EndGlobal
